// !$*UTF8*$!
{
	archiveVersion = 1;
	classes = {
	};
	objectVersion = 56;
	objects = {

/* Begin PBXBuildFile section */
		AA884B6B2B7B1CDE00263151 /* AppDelegate.swift in Sources */ = {isa = PBXBuildFile; fileRef = AA884B6A2B7B1CDE00263151 /* AppDelegate.swift */; };
		AA884B6D2B7B1CDE00263151 /* SceneDelegate.swift in Sources */ = {isa = PBXBuildFile; fileRef = AA884B6C2B7B1CDE00263151 /* SceneDelegate.swift */; };
		AA884B6F2B7B1CDE00263151 /* ViewController.swift in Sources */ = {isa = PBXBuildFile; fileRef = AA884B6E2B7B1CDE00263151 /* ViewController.swift */; };
		AA884B722B7B1CDE00263151 /* Main.storyboard in Resources */ = {isa = PBXBuildFile; fileRef = AA884B702B7B1CDE00263151 /* Main.storyboard */; };
		AA884B742B7B1CE100263151 /* Assets.xcassets in Resources */ = {isa = PBXBuildFile; fileRef = AA884B732B7B1CE100263151 /* Assets.xcassets */; };
		AA884B772B7B1CE100263151 /* LaunchScreen.storyboard in Resources */ = {isa = PBXBuildFile; fileRef = AA884B752B7B1CE100263151 /* LaunchScreen.storyboard */; };
		AA884B832B7B1DDF00263151 /* PokemonWebService.swift in Sources */ = {isa = PBXBuildFile; fileRef = AA884B822B7B1DDF00263151 /* PokemonWebService.swift */; };
		AA884B852B7B1EE300263151 /* PokemonUrlConfiguration.swift in Sources */ = {isa = PBXBuildFile; fileRef = AA884B842B7B1EE300263151 /* PokemonUrlConfiguration.swift */; };
		AA884B872B7B2BCC00263151 /* ErrorWebService.swift in Sources */ = {isa = PBXBuildFile; fileRef = AA884B862B7B2BCC00263151 /* ErrorWebService.swift */; };
/* End PBXBuildFile section */

/* Begin PBXFileReference section */
		AA884B672B7B1CDE00263151 /* PokedexViper.app */ = {isa = PBXFileReference; explicitFileType = wrapper.application; includeInIndex = 0; path = PokedexViper.app; sourceTree = BUILT_PRODUCTS_DIR; };
		AA884B6A2B7B1CDE00263151 /* AppDelegate.swift */ = {isa = PBXFileReference; lastKnownFileType = sourcecode.swift; path = AppDelegate.swift; sourceTree = "<group>"; };
		AA884B6C2B7B1CDE00263151 /* SceneDelegate.swift */ = {isa = PBXFileReference; lastKnownFileType = sourcecode.swift; path = SceneDelegate.swift; sourceTree = "<group>"; };
		AA884B6E2B7B1CDE00263151 /* ViewController.swift */ = {isa = PBXFileReference; lastKnownFileType = sourcecode.swift; path = ViewController.swift; sourceTree = "<group>"; };
		AA884B712B7B1CDE00263151 /* Base */ = {isa = PBXFileReference; lastKnownFileType = file.storyboard; name = Base; path = Base.lproj/Main.storyboard; sourceTree = "<group>"; };
		AA884B732B7B1CE100263151 /* Assets.xcassets */ = {isa = PBXFileReference; lastKnownFileType = folder.assetcatalog; path = Assets.xcassets; sourceTree = "<group>"; };
		AA884B762B7B1CE100263151 /* Base */ = {isa = PBXFileReference; lastKnownFileType = file.storyboard; name = Base; path = Base.lproj/LaunchScreen.storyboard; sourceTree = "<group>"; };
		AA884B782B7B1CE100263151 /* Info.plist */ = {isa = PBXFileReference; lastKnownFileType = text.plist.xml; path = Info.plist; sourceTree = "<group>"; };
		AA884B822B7B1DDF00263151 /* PokemonWebService.swift */ = {isa = PBXFileReference; lastKnownFileType = sourcecode.swift; path = PokemonWebService.swift; sourceTree = "<group>"; };
		AA884B842B7B1EE300263151 /* PokemonUrlConfiguration.swift */ = {isa = PBXFileReference; lastKnownFileType = sourcecode.swift; path = PokemonUrlConfiguration.swift; sourceTree = "<group>"; };
		AA884B862B7B2BCC00263151 /* ErrorWebService.swift */ = {isa = PBXFileReference; lastKnownFileType = sourcecode.swift; path = ErrorWebService.swift; sourceTree = "<group>"; };
/* End PBXFileReference section */

/* Begin PBXFrameworksBuildPhase section */
		AA884B642B7B1CDE00263151 /* Frameworks */ = {
			isa = PBXFrameworksBuildPhase;
			buildActionMask = 2147483647;
			files = (
			);
			runOnlyForDeploymentPostprocessing = 0;
		};
/* End PBXFrameworksBuildPhase section */

/* Begin PBXGroup section */
		AA884B5E2B7B1CDE00263151 = {
			isa = PBXGroup;
			children = (
				AA884B692B7B1CDE00263151 /* PokedexViper */,
				AA884B682B7B1CDE00263151 /* Products */,
			);
			sourceTree = "<group>";
		};
		AA884B682B7B1CDE00263151 /* Products */ = {
			isa = PBXGroup;
			children = (
				AA884B672B7B1CDE00263151 /* PokedexViper.app */,
			);
			name = Products;
			sourceTree = "<group>";
		};
		AA884B692B7B1CDE00263151 /* PokedexViper */ = {
			isa = PBXGroup;
			children = (
				AA884B812B7B1D3100263151 /* Services */,
				AA884B802B7B1D2400263151 /* Views */,
				AA884B7E2B7B1D0900263151 /* Modules */,
				AA884B6A2B7B1CDE00263151 /* AppDelegate.swift */,
				AA884B6C2B7B1CDE00263151 /* SceneDelegate.swift */,
				AA884B6E2B7B1CDE00263151 /* ViewController.swift */,
				AA884B702B7B1CDE00263151 /* Main.storyboard */,
				AA884B732B7B1CE100263151 /* Assets.xcassets */,
				AA884B752B7B1CE100263151 /* LaunchScreen.storyboard */,
				AA884B782B7B1CE100263151 /* Info.plist */,
			);
			path = PokedexViper;
			sourceTree = "<group>";
		};
		AA884B7E2B7B1D0900263151 /* Modules */ = {
			isa = PBXGroup;
			children = (
			);
			path = Modules;
			sourceTree = "<group>";
		};
		AA884B802B7B1D2400263151 /* Views */ = {
			isa = PBXGroup;
			children = (
			);
			path = Views;
			sourceTree = "<group>";
		};
		AA884B812B7B1D3100263151 /* Services */ = {
			isa = PBXGroup;
			children = (
				AA884B822B7B1DDF00263151 /* PokemonWebService.swift */,
				AA884B862B7B2BCC00263151 /* ErrorWebService.swift */,
				AA884B842B7B1EE300263151 /* PokemonUrlConfiguration.swift */,
			);
			path = Services;
			sourceTree = "<group>";
		};
/* End PBXGroup section */

/* Begin PBXNativeTarget section */
		AA884B662B7B1CDE00263151 /* PokedexViper */ = {
			isa = PBXNativeTarget;
			buildConfigurationList = AA884B7B2B7B1CE100263151 /* Build configuration list for PBXNativeTarget "PokedexViper" */;
			buildPhases = (
				AA884B632B7B1CDE00263151 /* Sources */,
				AA884B642B7B1CDE00263151 /* Frameworks */,
				AA884B652B7B1CDE00263151 /* Resources */,
			);
			buildRules = (
			);
			dependencies = (
			);
			name = PokedexViper;
			productName = PokedexViper;
			productReference = AA884B672B7B1CDE00263151 /* PokedexViper.app */;
			productType = "com.apple.product-type.application";
		};
/* End PBXNativeTarget section */

/* Begin PBXProject section */
		AA884B5F2B7B1CDE00263151 /* Project object */ = {
			isa = PBXProject;
			attributes = {
				BuildIndependentTargetsInParallel = 1;
				LastSwiftUpdateCheck = 1420;
				LastUpgradeCheck = 1420;
				TargetAttributes = {
					AA884B662B7B1CDE00263151 = {
						CreatedOnToolsVersion = 14.2;
					};
				};
			};
			buildConfigurationList = AA884B622B7B1CDE00263151 /* Build configuration list for PBXProject "PokedexViper" */;
			compatibilityVersion = "Xcode 14.0";
			developmentRegion = en;
			hasScannedForEncodings = 0;
			knownRegions = (
				en,
				Base,
			);
			mainGroup = AA884B5E2B7B1CDE00263151;
			productRefGroup = AA884B682B7B1CDE00263151 /* Products */;
			projectDirPath = "";
			projectRoot = "";
			targets = (
				AA884B662B7B1CDE00263151 /* PokedexViper */,
			);
		};
/* End PBXProject section */

/* Begin PBXResourcesBuildPhase section */
		AA884B652B7B1CDE00263151 /* Resources */ = {
			isa = PBXResourcesBuildPhase;
			buildActionMask = 2147483647;
			files = (
				AA884B772B7B1CE100263151 /* LaunchScreen.storyboard in Resources */,
				AA884B742B7B1CE100263151 /* Assets.xcassets in Resources */,
				AA884B722B7B1CDE00263151 /* Main.storyboard in Resources */,
			);
			runOnlyForDeploymentPostprocessing = 0;
		};
/* End PBXResourcesBuildPhase section */

/* Begin PBXSourcesBuildPhase section */
		AA884B632B7B1CDE00263151 /* Sources */ = {
			isa = PBXSourcesBuildPhase;
			buildActionMask = 2147483647;
			files = (
				AA884B6F2B7B1CDE00263151 /* ViewController.swift in Sources */,
				AA884B852B7B1EE300263151 /* PokemonUrlConfiguration.swift in Sources */,
				AA884B6B2B7B1CDE00263151 /* AppDelegate.swift in Sources */,
				AA884B832B7B1DDF00263151 /* PokemonWebService.swift in Sources */,
				AA884B6D2B7B1CDE00263151 /* SceneDelegate.swift in Sources */,
				AA884B872B7B2BCC00263151 /* ErrorWebService.swift in Sources */,
			);
			runOnlyForDeploymentPostprocessing = 0;
		};
/* End PBXSourcesBuildPhase section */

/* Begin PBXVariantGroup section */
		AA884B702B7B1CDE00263151 /* Main.storyboard */ = {
			isa = PBXVariantGroup;
			children = (
				AA884B712B7B1CDE00263151 /* Base */,
			);
			name = Main.storyboard;
			sourceTree = "<group>";
		};
		AA884B752B7B1CE100263151 /* LaunchScreen.storyboard */ = {
			isa = PBXVariantGroup;
			children = (
				AA884B762B7B1CE100263151 /* Base */,
			);
			name = LaunchScreen.storyboard;
			sourceTree = "<group>";
		};
/* End PBXVariantGroup section */

/* Begin XCBuildConfiguration section */
		AA884B792B7B1CE100263151 /* Debug */ = {
			isa = XCBuildConfiguration;
			buildSettings = {
				ALWAYS_SEARCH_USER_PATHS = NO;
				CLANG_ANALYZER_NONNULL = YES;
				CLANG_ANALYZER_NUMBER_OBJECT_CONVERSION = YES_AGGRESSIVE;
				CLANG_CXX_LANGUAGE_STANDARD = "gnu++20";
				CLANG_ENABLE_MODULES = YES;
				CLANG_ENABLE_OBJC_ARC = YES;
				CLANG_ENABLE_OBJC_WEAK = YES;
				CLANG_WARN_BLOCK_CAPTURE_AUTORELEASING = YES;
				CLANG_WARN_BOOL_CONVERSION = YES;
				CLANG_WARN_COMMA = YES;
				CLANG_WARN_CONSTANT_CONVERSION = YES;
				CLANG_WARN_DEPRECATED_OBJC_IMPLEMENTATIONS = YES;
				CLANG_WARN_DIRECT_OBJC_ISA_USAGE = YES_ERROR;
				CLANG_WARN_DOCUMENTATION_COMMENTS = YES;
				CLANG_WARN_EMPTY_BODY = YES;
				CLANG_WARN_ENUM_CONVERSION = YES;
				CLANG_WARN_INFINITE_RECURSION = YES;
				CLANG_WARN_INT_CONVERSION = YES;
				CLANG_WARN_NON_LITERAL_NULL_CONVERSION = YES;
				CLANG_WARN_OBJC_IMPLICIT_RETAIN_SELF = YES;
				CLANG_WARN_OBJC_LITERAL_CONVERSION = YES;
				CLANG_WARN_OBJC_ROOT_CLASS = YES_ERROR;
				CLANG_WARN_QUOTED_INCLUDE_IN_FRAMEWORK_HEADER = YES;
				CLANG_WARN_RANGE_LOOP_ANALYSIS = YES;
				CLANG_WARN_STRICT_PROTOTYPES = YES;
				CLANG_WARN_SUSPICIOUS_MOVE = YES;
				CLANG_WARN_UNGUARDED_AVAILABILITY = YES_AGGRESSIVE;
				CLANG_WARN_UNREACHABLE_CODE = YES;
				CLANG_WARN__DUPLICATE_METHOD_MATCH = YES;
				COPY_PHASE_STRIP = NO;
				DEBUG_INFORMATION_FORMAT = dwarf;
				ENABLE_STRICT_OBJC_MSGSEND = YES;
				ENABLE_TESTABILITY = YES;
				GCC_C_LANGUAGE_STANDARD = gnu11;
				GCC_DYNAMIC_NO_PIC = NO;
				GCC_NO_COMMON_BLOCKS = YES;
				GCC_OPTIMIZATION_LEVEL = 0;
				GCC_PREPROCESSOR_DEFINITIONS = (
					"DEBUG=1",
					"$(inherited)",
				);
				GCC_WARN_64_TO_32_BIT_CONVERSION = YES;
				GCC_WARN_ABOUT_RETURN_TYPE = YES_ERROR;
				GCC_WARN_UNDECLARED_SELECTOR = YES;
				GCC_WARN_UNINITIALIZED_AUTOS = YES_AGGRESSIVE;
				GCC_WARN_UNUSED_FUNCTION = YES;
				GCC_WARN_UNUSED_VARIABLE = YES;
				IPHONEOS_DEPLOYMENT_TARGET = 16.2;
				MTL_ENABLE_DEBUG_INFO = INCLUDE_SOURCE;
				MTL_FAST_MATH = YES;
				ONLY_ACTIVE_ARCH = YES;
				SDKROOT = iphoneos;
				SWIFT_ACTIVE_COMPILATION_CONDITIONS = DEBUG;
				SWIFT_OPTIMIZATION_LEVEL = "-Onone";
			};
			name = Debug;
		};
		AA884B7A2B7B1CE100263151 /* Release */ = {
			isa = XCBuildConfiguration;
			buildSettings = {
				ALWAYS_SEARCH_USER_PATHS = NO;
				CLANG_ANALYZER_NONNULL = YES;
				CLANG_ANALYZER_NUMBER_OBJECT_CONVERSION = YES_AGGRESSIVE;
				CLANG_CXX_LANGUAGE_STANDARD = "gnu++20";
				CLANG_ENABLE_MODULES = YES;
				CLANG_ENABLE_OBJC_ARC = YES;
				CLANG_ENABLE_OBJC_WEAK = YES;
				CLANG_WARN_BLOCK_CAPTURE_AUTORELEASING = YES;
				CLANG_WARN_BOOL_CONVERSION = YES;
				CLANG_WARN_COMMA = YES;
				CLANG_WARN_CONSTANT_CONVERSION = YES;
				CLANG_WARN_DEPRECATED_OBJC_IMPLEMENTATIONS = YES;
				CLANG_WARN_DIRECT_OBJC_ISA_USAGE = YES_ERROR;
				CLANG_WARN_DOCUMENTATION_COMMENTS = YES;
				CLANG_WARN_EMPTY_BODY = YES;
				CLANG_WARN_ENUM_CONVERSION = YES;
				CLANG_WARN_INFINITE_RECURSION = YES;
				CLANG_WARN_INT_CONVERSION = YES;
				CLANG_WARN_NON_LITERAL_NULL_CONVERSION = YES;
				CLANG_WARN_OBJC_IMPLICIT_RETAIN_SELF = YES;
				CLANG_WARN_OBJC_LITERAL_CONVERSION = YES;
				CLANG_WARN_OBJC_ROOT_CLASS = YES_ERROR;
				CLANG_WARN_QUOTED_INCLUDE_IN_FRAMEWORK_HEADER = YES;
				CLANG_WARN_RANGE_LOOP_ANALYSIS = YES;
				CLANG_WARN_STRICT_PROTOTYPES = YES;
				CLANG_WARN_SUSPICIOUS_MOVE = YES;
				CLANG_WARN_UNGUARDED_AVAILABILITY = YES_AGGRESSIVE;
				CLANG_WARN_UNREACHABLE_CODE = YES;
				CLANG_WARN__DUPLICATE_METHOD_MATCH = YES;
				COPY_PHASE_STRIP = NO;
				DEBUG_INFORMATION_FORMAT = "dwarf-with-dsym";
				ENABLE_NS_ASSERTIONS = NO;
				ENABLE_STRICT_OBJC_MSGSEND = YES;
				GCC_C_LANGUAGE_STANDARD = gnu11;
				GCC_NO_COMMON_BLOCKS = YES;
				GCC_WARN_64_TO_32_BIT_CONVERSION = YES;
				GCC_WARN_ABOUT_RETURN_TYPE = YES_ERROR;
				GCC_WARN_UNDECLARED_SELECTOR = YES;
				GCC_WARN_UNINITIALIZED_AUTOS = YES_AGGRESSIVE;
				GCC_WARN_UNUSED_FUNCTION = YES;
				GCC_WARN_UNUSED_VARIABLE = YES;
				IPHONEOS_DEPLOYMENT_TARGET = 16.2;
				MTL_ENABLE_DEBUG_INFO = NO;
				MTL_FAST_MATH = YES;
				SDKROOT = iphoneos;
				SWIFT_COMPILATION_MODE = wholemodule;
				SWIFT_OPTIMIZATION_LEVEL = "-O";
				VALIDATE_PRODUCT = YES;
			};
			name = Release;
		};
		AA884B7C2B7B1CE100263151 /* Debug */ = {
			isa = XCBuildConfiguration;
			buildSettings = {
				ASSETCATALOG_COMPILER_APPICON_NAME = AppIcon;
				ASSETCATALOG_COMPILER_GLOBAL_ACCENT_COLOR_NAME = AccentColor;
				CODE_SIGN_STYLE = Automatic;
				CURRENT_PROJECT_VERSION = 1;
				GENERATE_INFOPLIST_FILE = YES;
				INFOPLIST_FILE = PokedexViper/Info.plist;
				INFOPLIST_KEY_UIApplicationSupportsIndirectInputEvents = YES;
				INFOPLIST_KEY_UILaunchStoryboardName = LaunchScreen;
				INFOPLIST_KEY_UIMainStoryboardFile = Main;
				INFOPLIST_KEY_UISupportedInterfaceOrientations_iPad = "UIInterfaceOrientationPortrait UIInterfaceOrientationPortraitUpsideDown UIInterfaceOrientationLandscapeLeft UIInterfaceOrientationLandscapeRight";
				INFOPLIST_KEY_UISupportedInterfaceOrientations_iPhone = "UIInterfaceOrientationPortrait UIInterfaceOrientationLandscapeLeft UIInterfaceOrientationLandscapeRight";
				IPHONEOS_DEPLOYMENT_TARGET = 14.0;
				LD_RUNPATH_SEARCH_PATHS = (
					"$(inherited)",
					"@executable_path/Frameworks",
				);
				MARKETING_VERSION = 1.0;
				PRODUCT_BUNDLE_IDENTIFIER = MA.PokedexViper;
				PRODUCT_NAME = "$(TARGET_NAME)";
				SWIFT_EMIT_LOC_STRINGS = YES;
				SWIFT_VERSION = 5.0;
				TARGETED_DEVICE_FAMILY = "1,2";
			};
			name = Debug;
		};
		AA884B7D2B7B1CE100263151 /* Release */ = {
			isa = XCBuildConfiguration;
			buildSettings = {
				ASSETCATALOG_COMPILER_APPICON_NAME = AppIcon;
				ASSETCATALOG_COMPILER_GLOBAL_ACCENT_COLOR_NAME = AccentColor;
				CODE_SIGN_STYLE = Automatic;
				CURRENT_PROJECT_VERSION = 1;
				GENERATE_INFOPLIST_FILE = YES;
				INFOPLIST_FILE = PokedexViper/Info.plist;
				INFOPLIST_KEY_UIApplicationSupportsIndirectInputEvents = YES;
				INFOPLIST_KEY_UILaunchStoryboardName = LaunchScreen;
				INFOPLIST_KEY_UIMainStoryboardFile = Main;
				INFOPLIST_KEY_UISupportedInterfaceOrientations_iPad = "UIInterfaceOrientationPortrait UIInterfaceOrientationPortraitUpsideDown UIInterfaceOrientationLandscapeLeft UIInterfaceOrientationLandscapeRight";
				INFOPLIST_KEY_UISupportedInterfaceOrientations_iPhone = "UIInterfaceOrientationPortrait UIInterfaceOrientationLandscapeLeft UIInterfaceOrientationLandscapeRight";
				IPHONEOS_DEPLOYMENT_TARGET = 14.0;
				LD_RUNPATH_SEARCH_PATHS = (
					"$(inherited)",
					"@executable_path/Frameworks",
				);
				MARKETING_VERSION = 1.0;
				PRODUCT_BUNDLE_IDENTIFIER = MA.PokedexViper;
				PRODUCT_NAME = "$(TARGET_NAME)";
				SWIFT_EMIT_LOC_STRINGS = YES;
				SWIFT_VERSION = 5.0;
				TARGETED_DEVICE_FAMILY = "1,2";
			};
			name = Release;
		};
/* End XCBuildConfiguration section */

/* Begin XCConfigurationList section */
		AA884B622B7B1CDE00263151 /* Build configuration list for PBXProject "PokedexViper" */ = {
			isa = XCConfigurationList;
			buildConfigurations = (
				AA884B792B7B1CE100263151 /* Debug */,
				AA884B7A2B7B1CE100263151 /* Release */,
			);
			defaultConfigurationIsVisible = 0;
			defaultConfigurationName = Release;
		};
		AA884B7B2B7B1CE100263151 /* Build configuration list for PBXNativeTarget "PokedexViper" */ = {
			isa = XCConfigurationList;
			buildConfigurations = (
				AA884B7C2B7B1CE100263151 /* Debug */,
				AA884B7D2B7B1CE100263151 /* Release */,
			);
			defaultConfigurationIsVisible = 0;
			defaultConfigurationName = Release;
		};
/* End XCConfigurationList section */
	};
	rootObject = AA884B5F2B7B1CDE00263151 /* Project object */;
}
